// !$*UTF8*$!
{
	archiveVersion = 1;
	classes = {
	};
	objectVersion = 77;
	objects = {

/* Begin PBXContainerItemProxy section */
		2F852EEC2D773B92005114C2 /* PBXContainerItemProxy */ = {
			isa = PBXContainerItemProxy;
			containerPortal = 2F852ECD2D773B8F005114C2 /* Project object */;
			proxyType = 1;
			remoteGlobalIDString = 2F852ED42D773B8F005114C2;
			remoteInfo = iOSDeveloperCase;
		};
		2F852EF62D773B93005114C2 /* PBXContainerItemProxy */ = {
			isa = PBXContainerItemProxy;
			containerPortal = 2F852ECD2D773B8F005114C2 /* Project object */;
			proxyType = 1;
			remoteGlobalIDString = 2F852ED42D773B8F005114C2;
			remoteInfo = iOSDeveloperCase;
		};
/* End PBXContainerItemProxy section */

/* Begin PBXFileReference section */
		2F852ED52D773B8F005114C2 /* iOSDeveloperCase.app */ = {isa = PBXFileReference; explicitFileType = wrapper.application; includeInIndex = 0; path = iOSDeveloperCase.app; sourceTree = BUILT_PRODUCTS_DIR; };
		2F852EEB2D773B92005114C2 /* iOSDeveloperCaseTests.xctest */ = {isa = PBXFileReference; explicitFileType = wrapper.cfbundle; includeInIndex = 0; path = iOSDeveloperCaseTests.xctest; sourceTree = BUILT_PRODUCTS_DIR; };
		2F852EF52D773B93005114C2 /* iOSDeveloperCaseUITests.xctest */ = {isa = PBXFileReference; explicitFileType = wrapper.cfbundle; includeInIndex = 0; path = iOSDeveloperCaseUITests.xctest; sourceTree = BUILT_PRODUCTS_DIR; };
/* End PBXFileReference section */

/* Begin PBXFileSystemSynchronizedBuildFileExceptionSet section */
		2F852EFD2D773B93005114C2 /* Exceptions for "iOSDeveloperCase" folder in "iOSDeveloperCase" target */ = {
			isa = PBXFileSystemSynchronizedBuildFileExceptionSet;
			membershipExceptions = (
				Info.plist,
			);
			target = 2F852ED42D773B8F005114C2 /* iOSDeveloperCase */;
		};
/* End PBXFileSystemSynchronizedBuildFileExceptionSet section */

/* Begin PBXFileSystemSynchronizedRootGroup section */
		2F852ED72D773B8F005114C2 /* iOSDeveloperCase */ = {
			isa = PBXFileSystemSynchronizedRootGroup;
			exceptions = (
				2F852EFD2D773B93005114C2 /* Exceptions for "iOSDeveloperCase" folder in "iOSDeveloperCase" target */,
			);
			path = iOSDeveloperCase;
			sourceTree = "<group>";
		};
		2F852EEE2D773B92005114C2 /* iOSDeveloperCaseTests */ = {
			isa = PBXFileSystemSynchronizedRootGroup;
			path = iOSDeveloperCaseTests;
			sourceTree = "<group>";
		};
		2F852EF82D773B93005114C2 /* iOSDeveloperCaseUITests */ = {
			isa = PBXFileSystemSynchronizedRootGroup;
			path = iOSDeveloperCaseUITests;
			sourceTree = "<group>";
		};
/* End PBXFileSystemSynchronizedRootGroup section */

/* Begin PBXFrameworksBuildPhase section */
		2F852ED22D773B8F005114C2 /* Frameworks */ = {
			isa = PBXFrameworksBuildPhase;
			buildActionMask = 2147483647;
			files = (
			);
			runOnlyForDeploymentPostprocessing = 0;
		};
		2F852EE82D773B92005114C2 /* Frameworks */ = {
			isa = PBXFrameworksBuildPhase;
			buildActionMask = 2147483647;
			files = (
			);
			runOnlyForDeploymentPostprocessing = 0;
		};
		2F852EF22D773B93005114C2 /* Frameworks */ = {
			isa = PBXFrameworksBuildPhase;
			buildActionMask = 2147483647;
			files = (
			);
			runOnlyForDeploymentPostprocessing = 0;
		};
/* End PBXFrameworksBuildPhase section */

/* Begin PBXGroup section */
		2F852ECC2D773B8F005114C2 = {
			isa = PBXGroup;
			children = (
				2F852ED72D773B8F005114C2 /* iOSDeveloperCase */,
				2F852EEE2D773B92005114C2 /* iOSDeveloperCaseTests */,
				2F852EF82D773B93005114C2 /* iOSDeveloperCaseUITests */,
				2F852ED62D773B8F005114C2 /* Products */,
			);
			sourceTree = "<group>";
		};
		2F852ED62D773B8F005114C2 /* Products */ = {
			isa = PBXGroup;
			children = (
				2F852ED52D773B8F005114C2 /* iOSDeveloperCase.app */,
				2F852EEB2D773B92005114C2 /* iOSDeveloperCaseTests.xctest */,
				2F852EF52D773B93005114C2 /* iOSDeveloperCaseUITests.xctest */,
			);
			name = Products;
			sourceTree = "<group>";
		};
/* End PBXGroup section */

/* Begin PBXNativeTarget section */
		2F852ED42D773B8F005114C2 /* iOSDeveloperCase */ = {
			isa = PBXNativeTarget;
			buildConfigurationList = 2F852EFE2D773B93005114C2 /* Build configuration list for PBXNativeTarget "iOSDeveloperCase" */;
			buildPhases = (
				2F852ED12D773B8F005114C2 /* Sources */,
				2F852ED22D773B8F005114C2 /* Frameworks */,
				2F852ED32D773B8F005114C2 /* Resources */,
			);
			buildRules = (
			);
			dependencies = (
			);
			fileSystemSynchronizedGroups = (
				2F852ED72D773B8F005114C2 /* iOSDeveloperCase */,
			);
			name = iOSDeveloperCase;
			packageProductDependencies = (
			);
			productName = iOSDeveloperCase;
			productReference = 2F852ED52D773B8F005114C2 /* iOSDeveloperCase.app */;
			productType = "com.apple.product-type.application";
		};
		2F852EEA2D773B92005114C2 /* iOSDeveloperCaseTests */ = {
			isa = PBXNativeTarget;
			buildConfigurationList = 2F852F032D773B93005114C2 /* Build configuration list for PBXNativeTarget "iOSDeveloperCaseTests" */;
			buildPhases = (
				2F852EE72D773B92005114C2 /* Sources */,
				2F852EE82D773B92005114C2 /* Frameworks */,
				2F852EE92D773B92005114C2 /* Resources */,
			);
			buildRules = (
			);
			dependencies = (
				2F852EED2D773B92005114C2 /* PBXTargetDependency */,
			);
			fileSystemSynchronizedGroups = (
				2F852EEE2D773B92005114C2 /* iOSDeveloperCaseTests */,
			);
			name = iOSDeveloperCaseTests;
			packageProductDependencies = (
			);
			productName = iOSDeveloperCaseTests;
			productReference = 2F852EEB2D773B92005114C2 /* iOSDeveloperCaseTests.xctest */;
			productType = "com.apple.product-type.bundle.unit-test";
		};
		2F852EF42D773B93005114C2 /* iOSDeveloperCaseUITests */ = {
			isa = PBXNativeTarget;
			buildConfigurationList = 2F852F062D773B93005114C2 /* Build configuration list for PBXNativeTarget "iOSDeveloperCaseUITests" */;
			buildPhases = (
				2F852EF12D773B93005114C2 /* Sources */,
				2F852EF22D773B93005114C2 /* Frameworks */,
				2F852EF32D773B93005114C2 /* Resources */,
			);
			buildRules = (
			);
			dependencies = (
				2F852EF72D773B93005114C2 /* PBXTargetDependency */,
			);
			fileSystemSynchronizedGroups = (
				2F852EF82D773B93005114C2 /* iOSDeveloperCaseUITests */,
			);
			name = iOSDeveloperCaseUITests;
			packageProductDependencies = (
			);
			productName = iOSDeveloperCaseUITests;
			productReference = 2F852EF52D773B93005114C2 /* iOSDeveloperCaseUITests.xctest */;
			productType = "com.apple.product-type.bundle.ui-testing";
		};
/* End PBXNativeTarget section */

/* Begin PBXProject section */
		2F852ECD2D773B8F005114C2 /* Project object */ = {
			isa = PBXProject;
			attributes = {
				BuildIndependentTargetsInParallel = 1;
				LastSwiftUpdateCheck = 1620;
				LastUpgradeCheck = 1620;
				TargetAttributes = {
					2F852ED42D773B8F005114C2 = {
						CreatedOnToolsVersion = 16.2;
					};
					2F852EEA2D773B92005114C2 = {
						CreatedOnToolsVersion = 16.2;
						TestTargetID = 2F852ED42D773B8F005114C2;
					};
					2F852EF42D773B93005114C2 = {
						CreatedOnToolsVersion = 16.2;
						TestTargetID = 2F852ED42D773B8F005114C2;
					};
				};
			};
			buildConfigurationList = 2F852ED02D773B8F005114C2 /* Build configuration list for PBXProject "iOSDeveloperCase" */;
			developmentRegion = en;
			hasScannedForEncodings = 0;
			knownRegions = (
				en,
				Base,
				tr,
			);
			mainGroup = 2F852ECC2D773B8F005114C2;
			minimizedProjectReferenceProxies = 1;
			packageReferences = (
				2F852F092D773C5C005114C2 /* XCRemoteSwiftPackageReference "Alamofire" */,
			);
			preferredProjectObjectVersion = 77;
			productRefGroup = 2F852ED62D773B8F005114C2 /* Products */;
			projectDirPath = "";
			projectRoot = "";
			targets = (
				2F852ED42D773B8F005114C2 /* iOSDeveloperCase */,
				2F852EEA2D773B92005114C2 /* iOSDeveloperCaseTests */,
				2F852EF42D773B93005114C2 /* iOSDeveloperCaseUITests */,
			);
		};
/* End PBXProject section */

/* Begin PBXResourcesBuildPhase section */
		2F852ED32D773B8F005114C2 /* Resources */ = {
			isa = PBXResourcesBuildPhase;
			buildActionMask = 2147483647;
			files = (
			);
			runOnlyForDeploymentPostprocessing = 0;
		};
		2F852EE92D773B92005114C2 /* Resources */ = {
			isa = PBXResourcesBuildPhase;
			buildActionMask = 2147483647;
			files = (
			);
			runOnlyForDeploymentPostprocessing = 0;
		};
		2F852EF32D773B93005114C2 /* Resources */ = {
			isa = PBXResourcesBuildPhase;
			buildActionMask = 2147483647;
			files = (
			);
			runOnlyForDeploymentPostprocessing = 0;
		};
/* End PBXResourcesBuildPhase section */

/* Begin PBXSourcesBuildPhase section */
		2F852ED12D773B8F005114C2 /* Sources */ = {
			isa = PBXSourcesBuildPhase;
			buildActionMask = 2147483647;
			files = (
			);
			runOnlyForDeploymentPostprocessing = 0;
		};
		2F852EE72D773B92005114C2 /* Sources */ = {
			isa = PBXSourcesBuildPhase;
			buildActionMask = 2147483647;
			files = (
			);
			runOnlyForDeploymentPostprocessing = 0;
		};
		2F852EF12D773B93005114C2 /* Sources */ = {
			isa = PBXSourcesBuildPhase;
			buildActionMask = 2147483647;
			files = (
			);
			runOnlyForDeploymentPostprocessing = 0;
		};
/* End PBXSourcesBuildPhase section */

/* Begin PBXTargetDependency section */
		2F852EED2D773B92005114C2 /* PBXTargetDependency */ = {
			isa = PBXTargetDependency;
			target = 2F852ED42D773B8F005114C2 /* iOSDeveloperCase */;
			targetProxy = 2F852EEC2D773B92005114C2 /* PBXContainerItemProxy */;
		};
		2F852EF72D773B93005114C2 /* PBXTargetDependency */ = {
			isa = PBXTargetDependency;
			target = 2F852ED42D773B8F005114C2 /* iOSDeveloperCase */;
			targetProxy = 2F852EF62D773B93005114C2 /* PBXContainerItemProxy */;
		};
/* End PBXTargetDependency section */

/* Begin XCBuildConfiguration section */
		2F852EFF2D773B93005114C2 /* Debug */ = {
			isa = XCBuildConfiguration;
			buildSettings = {
				ASSETCATALOG_COMPILER_APPICON_NAME = AppIcon;
				ASSETCATALOG_COMPILER_GLOBAL_ACCENT_COLOR_NAME = AccentColor;
				CODE_SIGN_STYLE = Automatic;
				CURRENT_PROJECT_VERSION = 1;
				DEVELOPMENT_TEAM = GY43H98J2J;
				GENERATE_INFOPLIST_FILE = YES;
				INFOPLIST_FILE = iOSDeveloperCase/Info.plist;
				INFOPLIST_KEY_UIApplicationSupportsIndirectInputEvents = YES;
				INFOPLIST_KEY_UILaunchStoryboardName = LaunchScreen;
				INFOPLIST_KEY_UIMainStoryboardFile = Main;
				INFOPLIST_KEY_UISupportedInterfaceOrientations_iPad = "UIInterfaceOrientationPortrait UIInterfaceOrientationPortraitUpsideDown UIInterfaceOrientationLandscapeLeft UIInterfaceOrientationLandscapeRight";
				INFOPLIST_KEY_UISupportedInterfaceOrientations_iPhone = "UIInterfaceOrientationPortrait UIInterfaceOrientationLandscapeLeft UIInterfaceOrientationLandscapeRight";
				LD_RUNPATH_SEARCH_PATHS = (
					"$(inherited)",
					"@executable_path/Frameworks",
				);
				MARKETING_VERSION = 1.0;
				PRODUCT_BUNDLE_IDENTIFIER = goknurbulut.iOSDeveloperCase;
				PRODUCT_NAME = "$(TARGET_NAME)";
				SWIFT_EMIT_LOC_STRINGS = YES;
				SWIFT_VERSION = 5.0;
				TARGETED_DEVICE_FAMILY = "1,2";
			};
			name = Debug;
		};
		2F852F002D773B93005114C2 /* Release */ = {
			isa = XCBuildConfiguration;
			buildSettings = {
				ASSETCATALOG_COMPILER_APPICON_NAME = AppIcon;
				ASSETCATALOG_COMPILER_GLOBAL_ACCENT_COLOR_NAME = AccentColor;
				CODE_SIGN_STYLE = Automatic;
				CURRENT_PROJECT_VERSION = 1;
				DEVELOPMENT_TEAM = GY43H98J2J;
				GENERATE_INFOPLIST_FILE = YES;
				INFOPLIST_FILE = iOSDeveloperCase/Info.plist;
				INFOPLIST_KEY_UIApplicationSupportsIndirectInputEvents = YES;
				INFOPLIST_KEY_UILaunchStoryboardName = LaunchScreen;
				INFOPLIST_KEY_UIMainStoryboardFile = Main;
				INFOPLIST_KEY_UISupportedInterfaceOrientations_iPad = "UIInterfaceOrientationPortrait UIInterfaceOrientationPortraitUpsideDown UIInterfaceOrientationLandscapeLeft UIInterfaceOrientationLandscapeRight";
				INFOPLIST_KEY_UISupportedInterfaceOrientations_iPhone = "UIInterfaceOrientationPortrait UIInterfaceOrientationLandscapeLeft UIInterfaceOrientationLandscapeRight";
				LD_RUNPATH_SEARCH_PATHS = (
					"$(inherited)",
					"@executable_path/Frameworks",
				);
				MARKETING_VERSION = 1.0;
				PRODUCT_BUNDLE_IDENTIFIER = goknurbulut.iOSDeveloperCase;
				PRODUCT_NAME = "$(TARGET_NAME)";
				SWIFT_EMIT_LOC_STRINGS = YES;
				SWIFT_VERSION = 5.0;
				TARGETED_DEVICE_FAMILY = "1,2";
			};
			name = Release;
		};
		2F852F012D773B93005114C2 /* Debug */ = {
			isa = XCBuildConfiguration;
			buildSettings = {
				ALWAYS_SEARCH_USER_PATHS = NO;
				ASSETCATALOG_COMPILER_GENERATE_SWIFT_ASSET_SYMBOL_EXTENSIONS = YES;
				CLANG_ANALYZER_LOCALIZABILITY_NONLOCALIZED = YES;
				CLANG_ANALYZER_NONNULL = YES;
				CLANG_ANALYZER_NUMBER_OBJECT_CONVERSION = YES_AGGRESSIVE;
				CLANG_CXX_LANGUAGE_STANDARD = "gnu++20";
				CLANG_ENABLE_MODULES = YES;
				CLANG_ENABLE_OBJC_ARC = YES;
				CLANG_ENABLE_OBJC_WEAK = YES;
				CLANG_WARN_BLOCK_CAPTURE_AUTORELEASING = YES;
				CLANG_WARN_BOOL_CONVERSION = YES;
				CLANG_WARN_COMMA = YES;
				CLANG_WARN_CONSTANT_CONVERSION = YES;
				CLANG_WARN_DEPRECATED_OBJC_IMPLEMENTATIONS = YES;
				CLANG_WARN_DIRECT_OBJC_ISA_USAGE = YES_ERROR;
				CLANG_WARN_DOCUMENTATION_COMMENTS = YES;
				CLANG_WARN_EMPTY_BODY = YES;
				CLANG_WARN_ENUM_CONVERSION = YES;
				CLANG_WARN_INFINITE_RECURSION = YES;
				CLANG_WARN_INT_CONVERSION = YES;
				CLANG_WARN_NON_LITERAL_NULL_CONVERSION = YES;
				CLANG_WARN_OBJC_IMPLICIT_RETAIN_SELF = YES;
				CLANG_WARN_OBJC_LITERAL_CONVERSION = YES;
				CLANG_WARN_OBJC_ROOT_CLASS = YES_ERROR;
				CLANG_WARN_QUOTED_INCLUDE_IN_FRAMEWORK_HEADER = YES;
				CLANG_WARN_RANGE_LOOP_ANALYSIS = YES;
				CLANG_WARN_STRICT_PROTOTYPES = YES;
				CLANG_WARN_SUSPICIOUS_MOVE = YES;
				CLANG_WARN_UNGUARDED_AVAILABILITY = YES_AGGRESSIVE;
				CLANG_WARN_UNREACHABLE_CODE = YES;
				CLANG_WARN__DUPLICATE_METHOD_MATCH = YES;
				COPY_PHASE_STRIP = NO;
				DEBUG_INFORMATION_FORMAT = dwarf;
				ENABLE_STRICT_OBJC_MSGSEND = YES;
				ENABLE_TESTABILITY = YES;
				ENABLE_USER_SCRIPT_SANDBOXING = YES;
				GCC_C_LANGUAGE_STANDARD = gnu17;
				GCC_DYNAMIC_NO_PIC = NO;
				GCC_NO_COMMON_BLOCKS = YES;
				GCC_OPTIMIZATION_LEVEL = 0;
				GCC_PREPROCESSOR_DEFINITIONS = (
					"DEBUG=1",
					"$(inherited)",
				);
				GCC_WARN_64_TO_32_BIT_CONVERSION = YES;
				GCC_WARN_ABOUT_RETURN_TYPE = YES_ERROR;
				GCC_WARN_UNDECLARED_SELECTOR = YES;
				GCC_WARN_UNINITIALIZED_AUTOS = YES_AGGRESSIVE;
				GCC_WARN_UNUSED_FUNCTION = YES;
				GCC_WARN_UNUSED_VARIABLE = YES;
				IPHONEOS_DEPLOYMENT_TARGET = 18.2;
				LOCALIZATION_PREFERS_STRING_CATALOGS = YES;
				MTL_ENABLE_DEBUG_INFO = INCLUDE_SOURCE;
				MTL_FAST_MATH = YES;
				ONLY_ACTIVE_ARCH = YES;
				SDKROOT = iphoneos;
				SWIFT_ACTIVE_COMPILATION_CONDITIONS = "DEBUG $(inherited)";
				SWIFT_OPTIMIZATION_LEVEL = "-Onone";
			};
			name = Debug;
		};
		2F852F022D773B93005114C2 /* Release */ = {
			isa = XCBuildConfiguration;
			buildSettings = {
				ALWAYS_SEARCH_USER_PATHS = NO;
				ASSETCATALOG_COMPILER_GENERATE_SWIFT_ASSET_SYMBOL_EXTENSIONS = YES;
				CLANG_ANALYZER_LOCALIZABILITY_NONLOCALIZED = YES;
				CLANG_ANALYZER_NONNULL = YES;
				CLANG_ANALYZER_NUMBER_OBJECT_CONVERSION = YES_AGGRESSIVE;
				CLANG_CXX_LANGUAGE_STANDARD = "gnu++20";
				CLANG_ENABLE_MODULES = YES;
				CLANG_ENABLE_OBJC_ARC = YES;
				CLANG_ENABLE_OBJC_WEAK = YES;
				CLANG_WARN_BLOCK_CAPTURE_AUTORELEASING = YES;
				CLANG_WARN_BOOL_CONVERSION = YES;
				CLANG_WARN_COMMA = YES;
				CLANG_WARN_CONSTANT_CONVERSION = YES;
				CLANG_WARN_DEPRECATED_OBJC_IMPLEMENTATIONS = YES;
				CLANG_WARN_DIRECT_OBJC_ISA_USAGE = YES_ERROR;
				CLANG_WARN_DOCUMENTATION_COMMENTS = YES;
				CLANG_WARN_EMPTY_BODY = YES;
				CLANG_WARN_ENUM_CONVERSION = YES;
				CLANG_WARN_INFINITE_RECURSION = YES;
				CLANG_WARN_INT_CONVERSION = YES;
				CLANG_WARN_NON_LITERAL_NULL_CONVERSION = YES;
				CLANG_WARN_OBJC_IMPLICIT_RETAIN_SELF = YES;
				CLANG_WARN_OBJC_LITERAL_CONVERSION = YES;
				CLANG_WARN_OBJC_ROOT_CLASS = YES_ERROR;
				CLANG_WARN_QUOTED_INCLUDE_IN_FRAMEWORK_HEADER = YES;
				CLANG_WARN_RANGE_LOOP_ANALYSIS = YES;
				CLANG_WARN_STRICT_PROTOTYPES = YES;
				CLANG_WARN_SUSPICIOUS_MOVE = YES;
				CLANG_WARN_UNGUARDED_AVAILABILITY = YES_AGGRESSIVE;
				CLANG_WARN_UNREACHABLE_CODE = YES;
				CLANG_WARN__DUPLICATE_METHOD_MATCH = YES;
				COPY_PHASE_STRIP = NO;
				DEBUG_INFORMATION_FORMAT = "dwarf-with-dsym";
				ENABLE_NS_ASSERTIONS = NO;
				ENABLE_STRICT_OBJC_MSGSEND = YES;
				ENABLE_USER_SCRIPT_SANDBOXING = YES;
				GCC_C_LANGUAGE_STANDARD = gnu17;
				GCC_NO_COMMON_BLOCKS = YES;
				GCC_WARN_64_TO_32_BIT_CONVERSION = YES;
				GCC_WARN_ABOUT_RETURN_TYPE = YES_ERROR;
				GCC_WARN_UNDECLARED_SELECTOR = YES;
				GCC_WARN_UNINITIALIZED_AUTOS = YES_AGGRESSIVE;
				GCC_WARN_UNUSED_FUNCTION = YES;
				GCC_WARN_UNUSED_VARIABLE = YES;
				IPHONEOS_DEPLOYMENT_TARGET = 18.2;
				LOCALIZATION_PREFERS_STRING_CATALOGS = YES;
				MTL_ENABLE_DEBUG_INFO = NO;
				MTL_FAST_MATH = YES;
				SDKROOT = iphoneos;
				SWIFT_COMPILATION_MODE = wholemodule;
				VALIDATE_PRODUCT = YES;
			};
			name = Release;
		};
		2F852F042D773B93005114C2 /* Debug */ = {
			isa = XCBuildConfiguration;
			buildSettings = {
				BUNDLE_LOADER = "$(TEST_HOST)";
				CODE_SIGN_STYLE = Automatic;
				CURRENT_PROJECT_VERSION = 1;
				DEVELOPMENT_TEAM = GY43H98J2J;
				GENERATE_INFOPLIST_FILE = YES;
				IPHONEOS_DEPLOYMENT_TARGET = 18.2;
				MARKETING_VERSION = 1.0;
				PRODUCT_BUNDLE_IDENTIFIER = goknurbulut.iOSDeveloperCaseTests;
				PRODUCT_NAME = "$(TARGET_NAME)";
				SWIFT_EMIT_LOC_STRINGS = NO;
				SWIFT_VERSION = 5.0;
				TARGETED_DEVICE_FAMILY = "1,2";
				TEST_HOST = "$(BUILT_PRODUCTS_DIR)/iOSDeveloperCase.app/$(BUNDLE_EXECUTABLE_FOLDER_PATH)/iOSDeveloperCase";
			};
			name = Debug;
		};
		2F852F052D773B93005114C2 /* Release */ = {
			isa = XCBuildConfiguration;
			buildSettings = {
				BUNDLE_LOADER = "$(TEST_HOST)";
				CODE_SIGN_STYLE = Automatic;
				CURRENT_PROJECT_VERSION = 1;
				DEVELOPMENT_TEAM = GY43H98J2J;
				GENERATE_INFOPLIST_FILE = YES;
				IPHONEOS_DEPLOYMENT_TARGET = 18.2;
				MARKETING_VERSION = 1.0;
				PRODUCT_BUNDLE_IDENTIFIER = goknurbulut.iOSDeveloperCaseTests;
				PRODUCT_NAME = "$(TARGET_NAME)";
				SWIFT_EMIT_LOC_STRINGS = NO;
				SWIFT_VERSION = 5.0;
				TARGETED_DEVICE_FAMILY = "1,2";
				TEST_HOST = "$(BUILT_PRODUCTS_DIR)/iOSDeveloperCase.app/$(BUNDLE_EXECUTABLE_FOLDER_PATH)/iOSDeveloperCase";
			};
			name = Release;
		};
		2F852F072D773B93005114C2 /* Debug */ = {
			isa = XCBuildConfiguration;
			buildSettings = {
				CODE_SIGN_STYLE = Automatic;
				CURRENT_PROJECT_VERSION = 1;
				DEVELOPMENT_TEAM = GY43H98J2J;
				GENERATE_INFOPLIST_FILE = YES;
				MARKETING_VERSION = 1.0;
				PRODUCT_BUNDLE_IDENTIFIER = goknurbulut.iOSDeveloperCaseUITests;
				PRODUCT_NAME = "$(TARGET_NAME)";
				SWIFT_EMIT_LOC_STRINGS = NO;
				SWIFT_VERSION = 5.0;
				TARGETED_DEVICE_FAMILY = "1,2";
				TEST_TARGET_NAME = iOSDeveloperCase;
			};
			name = Debug;
		};
		2F852F082D773B93005114C2 /* Release */ = {
			isa = XCBuildConfiguration;
			buildSettings = {
				CODE_SIGN_STYLE = Automatic;
				CURRENT_PROJECT_VERSION = 1;
				DEVELOPMENT_TEAM = GY43H98J2J;
				GENERATE_INFOPLIST_FILE = YES;
				MARKETING_VERSION = 1.0;
				PRODUCT_BUNDLE_IDENTIFIER = goknurbulut.iOSDeveloperCaseUITests;
				PRODUCT_NAME = "$(TARGET_NAME)";
				SWIFT_EMIT_LOC_STRINGS = NO;
				SWIFT_VERSION = 5.0;
				TARGETED_DEVICE_FAMILY = "1,2";
				TEST_TARGET_NAME = iOSDeveloperCase;
			};
			name = Release;
		};
/* End XCBuildConfiguration section */

/* Begin XCConfigurationList section */
		2F852ED02D773B8F005114C2 /* Build configuration list for PBXProject "iOSDeveloperCase" */ = {
			isa = XCConfigurationList;
			buildConfigurations = (
				2F852F012D773B93005114C2 /* Debug */,
				2F852F022D773B93005114C2 /* Release */,
			);
			defaultConfigurationIsVisible = 0;
			defaultConfigurationName = Release;
		};
		2F852EFE2D773B93005114C2 /* Build configuration list for PBXNativeTarget "iOSDeveloperCase" */ = {
			isa = XCConfigurationList;
			buildConfigurations = (
				2F852EFF2D773B93005114C2 /* Debug */,
				2F852F002D773B93005114C2 /* Release */,
			);
			defaultConfigurationIsVisible = 0;
			defaultConfigurationName = Release;
		};
		2F852F032D773B93005114C2 /* Build configuration list for PBXNativeTarget "iOSDeveloperCaseTests" */ = {
			isa = XCConfigurationList;
			buildConfigurations = (
				2F852F042D773B93005114C2 /* Debug */,
				2F852F052D773B93005114C2 /* Release */,
			);
			defaultConfigurationIsVisible = 0;
			defaultConfigurationName = Release;
		};
		2F852F062D773B93005114C2 /* Build configuration list for PBXNativeTarget "iOSDeveloperCaseUITests" */ = {
			isa = XCConfigurationList;
			buildConfigurations = (
				2F852F072D773B93005114C2 /* Debug */,
				2F852F082D773B93005114C2 /* Release */,
			);
			defaultConfigurationIsVisible = 0;
			defaultConfigurationName = Release;
		};
/* End XCConfigurationList section */

/* Begin XCRemoteSwiftPackageReference section */
		2F852F092D773C5C005114C2 /* XCRemoteSwiftPackageReference "Alamofire" */ = {
			isa = XCRemoteSwiftPackageReference;
			repositoryURL = "https://github.com/Alamofire/Alamofire.git";
			requirement = {
				kind = upToNextMajorVersion;
				minimumVersion = 5.10.2;
			};
		};
/* End XCRemoteSwiftPackageReference section */
	};
	rootObject = 2F852ECD2D773B8F005114C2 /* Project object */;
}
